# This file is autogenerated, do not edit; changes may be undone by the next 'dep ensure'.


[[projects]]
  branch = "master"
  digest = "1:ef5b0622d834c139454148b8fd0c92bb314828900532b267ae62da9fec109866"
  name = "github.com/armon/go-metrics"
  packages = ["."]
  pruneopts = "UT"
  revision = "f0300d1749da6fa982027e449ec0c7a145510c3c"

[[projects]]
  digest = "1:abeb38ade3f32a92943e5be54f55ed6d6e3b6602761d74b4aab4c9dd45c18abd"
  name = "github.com/fsnotify/fsnotify"
  packages = ["."]
  pruneopts = "UT"
  revision = "c2828203cd70a50dcccfb2761f8b1f8ceef9a8e9"
  version = "v1.4.7"

[[projects]]
  digest = "1:e3f17aa0eb8c151426d23cb767ae50f5b42c46533db3424761ee639b56ab9041"
  name = "github.com/gorhill/cronexpr"
  packages = ["."]
  pruneopts = "UT"
  revision = "a557574d6c024ed6e36acc8b610f5f211c91568a"
  version = "1.0.0"

[[projects]]
  digest = "1:7b5c6e2eeaa9ae5907c391a91c132abfd5c9e8a784a341b5625e750c67e6825d"
  name = "github.com/gorilla/websocket"
  packages = ["."]
  pruneopts = "UT"
  revision = "66b9c49e59c6c48f0ffce28c2d8b8a5678502c6d"
  version = "v1.4.0"

[[projects]]
  digest = "1:7d9085638f210faa86720b5fe8c4cd9303edb853ed93929852a4384a4e6c956f"
  name = "github.com/hashicorp/consul"
  packages = ["api"]
  pruneopts = "UT"
  revision = "fb848fc48818f58690db09d14640513aa6bf3c02"
  version = "v1.0.7"

[[projects]]
  digest = "1:0ade334594e69404d80d9d323445d2297ff8161637f9b2d347cc6973d2d6f05b"
  name = "github.com/hashicorp/errwrap"
  packages = ["."]
  pruneopts = "UT"
  revision = "8a6fb523712970c966eefc6b39ed2c5e74880354"
  version = "v1.0.0"

[[projects]]
  digest = "1:12caf34c93cadf2673f54566a96d9101cbfd580275d01f15a54ed319e7eca6ac"
  name = "github.com/hashicorp/go-cleanhttp"
  packages = ["."]
  pruneopts = "UT"
  revision = "a45970658e51fea2c41445ff0f7e07106d007617"

[[projects]]
  digest = "1:858428d08a69bc8ea68a09deb63b07907d8e48266b19e19b21dfe05d5e77bb66"
  name = "github.com/hashicorp/go-immutable-radix"
  packages = ["."]
  pruneopts = "UT"
  revision = "8aac2701530899b64bdea735a1de8da899815220"

[[projects]]
  branch = "master"
  digest = "1:b8ba23b0b493e601d5ebaf21079bd3433eb304a5d73c0fb40b8aea526e94f46b"
  name = "github.com/hashicorp/go-msgpack"
  packages = ["codec"]
  pruneopts = "UT"
  revision = "fa3f63826f7c23912c15263591e65d54d080b458"

[[projects]]
  digest = "1:9e6e28e4a4a21fc0e3448a519ac1b1979d03c9cb15ceeee0004e5912cf37f763"
  name = "github.com/hashicorp/go-multierror"
  packages = ["."]
  pruneopts = "UT"
  revision = "d30f09973e19c1dfcd120b2d9c4f168e68d6b5d5"

[[projects]]
  branch = "master"
  digest = "1:45aad874d3c7d5e8610427c81870fb54970b981692930ec2a319ce4cb89d7a00"
  name = "github.com/hashicorp/go-rootcerts"
  packages = ["."]
  pruneopts = "UT"
  revision = "6bb64b370b90e7ef1fa532be9e591a81c3493e00"

[[projects]]
  digest = "1:826df03282c5a336f1d23a07ce0ec0a26c7230e1a5d5a79a8ea4b68c0c8462b3"
  name = "github.com/hashicorp/go-version"
  packages = ["."]
  pruneopts = "UT"
  revision = "03c5bf6be031b6dd45afec16b1cf94fc8938bc77"

[[projects]]
  digest = "1:3f90d23757c18b1e07bf11494dbe737ee2c44d881c0f41e681611abdadad62fa"
  name = "github.com/hashicorp/golang-lru"
  packages = [
    ".",
    "simplelru",
  ]
  pruneopts = "UT"
  revision = "a0d98a5f288019575c6d1f4bb1573fef2d1fcdc4"

[[projects]]
  digest = "1:8b7b7a462e0a774951b11a3f29f08ad7ac906b184e1f0bd6c5638f24b10b4a56"
  name = "github.com/hashicorp/hcl"
  packages = [
    ".",
    "hcl/ast",
    "hcl/parser",
    "hcl/printer",
    "hcl/scanner",
    "hcl/strconv",
    "hcl/token",
    "json/parser",
    "json/scanner",
    "json/token",
  ]
  pruneopts = "UT"
  revision = "6e968a3fcdcbab092f5307fd0d85479d5af1e4dc"

[[projects]]
  digest = "1:4ea1ee0830819ed2e8f1bf072d1f43573f1cbf56b906a65ffc345a814b1b6ccb"
  name = "github.com/hashicorp/nomad"
  packages = [
    "acl",
    "api",
    "api/contexts",
    "helper",
    "helper/args",
    "helper/flatmap",
    "helper/uuid",
    "nomad/structs",
  ]
  pruneopts = "UT"
  revision = "fcc4149c55399eb4979cd3fe3fb983cfe6c8449a"
  version = "v0.8.6"

[[projects]]
  digest = "1:8f7bdcbd3c824bf5118d22f3e4b44dbcbf2db86fdd5a6d028ac89eabc09f518d"
  name = "github.com/hashicorp/raft"
  packages = ["."]
  pruneopts = "UT"
  revision = "077966dbc90f342107eb723ec52fdb0463ec789b"

[[projects]]
  digest = "1:acc81e4e4289587b257ccdfccbc6eaf16d4c2fb57dda73c6bb349bf50f02501f"
  name = "github.com/hashicorp/serf"
  packages = ["coordinate"]
  pruneopts = "UT"
  revision = "b6017ae61f4420ed0c02d5eeeb9ff3fc02953f14"

[[projects]]
  digest = "1:870d441fe217b8e689d7949fef6e43efbc787e50f200cb1e70dbca9204a1d6be"
  name = "github.com/inconshreveable/mousetrap"
  packages = ["."]
  pruneopts = "UT"
  revision = "76626ae9c91c4f2a10f34cad8ce83ea42c93bb75"
  version = "v1.0"

[[projects]]
  digest = "1:c568d7727aa262c32bdf8a3f7db83614f7af0ed661474b24588de635c20024c7"
  name = "github.com/magiconair/properties"
  packages = ["."]
  pruneopts = "UT"
  revision = "c2353362d570a7bfa228149c62842019201cfb71"
  version = "v1.8.0"

[[projects]]
  digest = "1:0981502f9816113c9c8c4ac301583841855c8cf4da8c72f696b3ebedf6d0e4e5"
  name = "github.com/mattn/go-isatty"
  packages = ["."]
  pruneopts = "UT"
  revision = "6ca4dbf54d38eea1a992b3c722a76a5d1c4cb25c"
  version = "v0.0.4"

[[projects]]
  digest = "1:dfb4eb6168a4e7f16e9fda5b9164013a0f5a8eb06bb5ca3a1980964a7beedde4"
  name = "github.com/mitchellh/copystructure"
  packages = ["."]
  pruneopts = "UT"
  revision = "d23ffcb85de31694d6ccaa23ccb4a03e55c1303f"

[[projects]]
  digest = "1:78bbb1ba5b7c3f2ed0ea1eab57bdd3859aec7e177811563edc41198a760b06af"
  name = "github.com/mitchellh/go-homedir"
  packages = ["."]
  pruneopts = "UT"
  revision = "ae18d6b8b3205b561c79e8e5f69bff09736185f4"
  version = "v1.0.0"

[[projects]]
  digest = "1:7ca97256ce83a55a1b54d87408b8975d4062a4ed14fa38cefadd4a8c8b03b22b"
  name = "github.com/mitchellh/hashstructure"
  packages = ["."]
  pruneopts = "UT"
  revision = "1ef5c71b025aef149d12346356ac5973992860bc"

[[projects]]
  digest = "1:53bc4cd4914cd7cd52139990d5170d6dc99067ae31c56530621b18b35fc30318"
  name = "github.com/mitchellh/mapstructure"
  packages = ["."]
  pruneopts = "UT"
  revision = "3536a929edddb9a5b34bd6861dc4a9647cb459fe"
  version = "v1.1.2"

[[projects]]
  digest = "1:bcc07ad6f62e6d8958692ff89c8ac1c64eb92de66330f98b7e9bdb72cc017a84"
  name = "github.com/mitchellh/reflectwalk"
  packages = ["."]
  pruneopts = "UT"
  revision = "eecee6c969c02c8cc2ae48e1e269843ae8590796"
  version = "v1.0.0"

[[projects]]
  digest = "1:95d38d218bf2290987c6b0e885a9f0f2d3d3239235acaddca01c3fe36e5e5566"
  name = "github.com/nlopes/slack"
  packages = [
    ".",
    "slackutilsx",
  ]
  pruneopts = "UT"
  revision = "b9033a72a20bf84563485e86a2adbea4bf265804"
  version = "v0.4.0"

[[projects]]
  digest = "1:95741de3af260a92cc5c7f3f3061e85273f5a81b5db20d4bd68da74bd521675e"
  name = "github.com/pelletier/go-toml"
  packages = ["."]
  pruneopts = "UT"
  revision = "c01d1270ff3e442a8a57cddc1c92dc1138598194"
  version = "v1.2.0"

[[projects]]
  digest = "1:40e195917a951a8bf867cd05de2a46aaf1806c50cf92eebf4c16f78cd196f747"
  name = "github.com/pkg/errors"
  packages = ["."]
  pruneopts = "UT"
  revision = "645ef00459ed84a119197bfb8d8205042c6df63d"
  version = "v0.8.0"

[[projects]]
  digest = "1:6342a41a66687c0d0eb1f4d946447bfb808c5136adeb92903ed07972071e19ac"
  name = "github.com/rs/zerolog"
  packages = [
    ".",
    "internal/cbor",
    "internal/json",
    "log",
  ]
  pruneopts = "UT"
  revision = "338f9bc14084d22cb8eeacd6492861f8449d715c"
  version = "v1.9.1"

[[projects]]
  branch = "master"
  digest = "1:f6baffb47c06a69ba4be5743153e2e422591f2c88d92bf7b140214c347be75e3"
  name = "github.com/sean-/sysexits"
  packages = ["."]
  pruneopts = "UT"
  revision = "598690305aaad5eed500b654afd2d1502b26450d"

[[projects]]
  digest = "1:6a4a11ba764a56d2758899ec6f3848d24698d48442ebce85ee7a3f63284526cd"
  name = "github.com/spf13/afero"
  packages = [
    ".",
    "mem",
  ]
  pruneopts = "UT"
  revision = "d40851caa0d747393da1ffb28f7f9d8b4eeffebd"
  version = "v1.1.2"

[[projects]]
  digest = "1:516e71bed754268937f57d4ecb190e01958452336fa73dbac880894164e91c1f"
  name = "github.com/spf13/cast"
  packages = ["."]
  pruneopts = "UT"
  revision = "8965335b8c7107321228e3e3702cab9832751bac"
  version = "v1.2.0"

[[projects]]
  digest = "1:645cabccbb4fa8aab25a956cbcbdf6a6845ca736b2c64e197ca7cbb9d210b939"
  name = "github.com/spf13/cobra"
  packages = ["."]
  pruneopts = "UT"
  revision = "ef82de70bb3f60c65fb8eebacbb2d122ef517385"
  version = "v0.0.3"

[[projects]]
  digest = "1:68ea4e23713989dc20b1bded5d9da2c5f9be14ff9885beef481848edd18c26cb"
  name = "github.com/spf13/jwalterweatherman"
  packages = ["."]
  pruneopts = "UT"
  revision = "4a4406e478ca629068e7768fc33f3f044173c0a6"
  version = "v1.0.0"

[[projects]]
  digest = "1:c1b1102241e7f645bc8e0c22ae352e8f0dc6484b6cb4d132fa9f24174e0119e2"
  name = "github.com/spf13/pflag"
  packages = ["."]
  pruneopts = "UT"
  revision = "298182f68c66c05229eb03ac171abe6e309ee79a"
  version = "v1.0.3"

[[projects]]
  digest = "1:214775c11fd26da94a100111a62daa25339198a4f9c57cb4aab352da889f5b93"
  name = "github.com/spf13/viper"
  packages = ["."]
  pruneopts = "UT"
  revision = "2c12c60302a5a0e62ee102ca9bc996277c2f64f5"
  version = "v1.2.1"

[[projects]]
  digest = "1:420eec79669470df8c45f18c2d41da99d1d95a154bbde6d1682af7429b5681db"
  name = "github.com/ugorji/go"
  packages = ["codec"]
  pruneopts = "UT"
  revision = "0053ebfd9d0ee06ccefbfe17072021e1d4acebee"

[[projects]]
  branch = "master"
  digest = "1:f0b918a9d2a0d3dcd073cbb908d81b0166af14b8bc765039673d1120c71e17cc"
  name = "golang.org/x/crypto"
  packages = ["blake2b"]
  pruneopts = "UT"
  revision = "74cb1d3d52f4c01cbfb44c1b50d204462f3124c7"

[[projects]]
  branch = "master"
  digest = "1:b009b163d5bfb3f2c0807a5b2765073c270ff54651c452becd1bce0b1c9e9e19"
  name = "golang.org/x/sys"
  packages = [
    "cpu",
    "unix",
  ]
  pruneopts = "UT"
  revision = "5cd93ef61a7c8f0f858690154eb6de2e69415fa1"

[[projects]]
  digest = "1:8029e9743749d4be5bc9f7d42ea1659471767860f0cdc34d37c3111bd308a295"
  name = "golang.org/x/text"
  packages = [
    "internal/gen",
    "internal/triegen",
    "internal/ucd",
    "transform",
    "unicode/cldr",
    "unicode/norm",
  ]
  pruneopts = "UT"
  revision = "f21a4dfb5e38f5895301dc265a8def02365cc3d0"
  version = "v0.3.0"

[[projects]]
  digest = "1:342378ac4dcb378a5448dd723f0784ae519383532f5e70ade24132c4c8693202"
  name = "gopkg.in/yaml.v2"
  packages = ["."]
  pruneopts = "UT"
  revision = "5420a8b6744d3b0345ab293f6fcba19c978f1183"
  version = "v2.2.1"

[solve-meta]
  analyzer-name = "dep"
  analyzer-version = 1
  input-imports = [
    "github.com/hashicorp/nomad/api",
    "github.com/hashicorp/nomad/nomad/structs",
    "github.com/mattn/go-isatty",
    "github.com/nlopes/slack",
    "github.com/pkg/errors",
    "github.com/rs/zerolog",
    "github.com/rs/zerolog/log",
    "github.com/sean-/sysexits",
    "github.com/spf13/cobra",
    "github.com/spf13/viper",
  ]
  solver-name = "gps-cdcl"
  solver-version = 1
